{
  "name": "ExamenParcial",
  "version": "1.0.0",
  "lockfileVersion": 1,
  "requires": true,
  "dependencies": {
    "phaser-ce": {
      "version": "2.17.0",
      "resolved": "https://registry.npmjs.org/phaser-ce/-/phaser-ce-2.17.0.tgz",
      "integrity": "sha512-La5d5E7WLhgW/AsIzEsBpi8A6whcU2YJY6Hm2cG4oBKpO1zy6YZ2NG3ztYl5hqd62GrNPhlXYQNwKZt/3EwjQA=="
    }
  }
}
